
Microsoft Visual Studio Solution File, Format Version 12.00
# Visual Studio 15
VisualStudioVersion = 15.0.28010.2003
MinimumVisualStudioVersion = 10.0.40219.1
Project("{FAE04EC0-301F-11D3-BF4B-00C04F79EFBC}") = "MilSymNetUtilities", "MilSymNetUtilities\MilSymNetUtilities.csproj", "{F929D24E-2772-44D5-BC8A-B7DE53E82333}"
EndProject
Project("{FAE04EC0-301F-11D3-BF4B-00C04F79EFBC}") = "MilSymNet", "MilSymNet\MilSymNet.csproj", "{7FB3975E-FB46-4A2C-A027-DB1C75394743}"
EndProject
Project("{FAE04EC0-301F-11D3-BF4B-00C04F79EFBC}") = "MilSymNetTester", "MilSymNetTester\MilSymNetTester.csproj", "{CAAA2637-9CD1-4D90-A7D1-B0003A5A70AB}"
EndProject
Project("{FAE04EC0-301F-11D3-BF4B-00C04F79EFBC}") = "MilSymUwp", "MilSymUwp\MilSymUwp.csproj", "{58051A15-38A2-4F36-9F15-A99E5BA7AEB6}"
EndProject
Project("{FAE04EC0-301F-11D3-BF4B-00C04F79EFBC}") = "MilSymUwpTester", "MilSymUwpTester\MilSymUwpTester.csproj", "{C5AEFC87-D675-4915-A524-1C356B0F670E}"
EndProject
Global
	GlobalSection(SolutionConfigurationPlatforms) = preSolution
		Debug|Any CPU = Debug|Any CPU
		Debug|ARM = Debug|ARM
		Debug|x64 = Debug|x64
		Debug|x86 = Debug|x86
		Release|Any CPU = Release|Any CPU
		Release|ARM = Release|ARM
		Release|x64 = Release|x64
		Release|x86 = Release|x86
	EndGlobalSection
	GlobalSection(ProjectConfigurationPlatforms) = postSolution
		{F929D24E-2772-44D5-BC8A-B7DE53E82333}.Debug|Any CPU.ActiveCfg = Debug|Any CPU
		{F929D24E-2772-44D5-BC8A-B7DE53E82333}.Debug|Any CPU.Build.0 = Debug|Any CPU
		{F929D24E-2772-44D5-BC8A-B7DE53E82333}.Debug|ARM.ActiveCfg = Debug|Any CPU
		{F929D24E-2772-44D5-BC8A-B7DE53E82333}.Debug|ARM.Build.0 = Debug|Any CPU
		{F929D24E-2772-44D5-BC8A-B7DE53E82333}.Debug|x64.ActiveCfg = Debug|Any CPU
		{F929D24E-2772-44D5-BC8A-B7DE53E82333}.Debug|x64.Build.0 = Debug|Any CPU
		{F929D24E-2772-44D5-BC8A-B7DE53E82333}.Debug|x86.ActiveCfg = Debug|Any CPU
		{F929D24E-2772-44D5-BC8A-B7DE53E82333}.Debug|x86.Build.0 = Debug|Any CPU
		{F929D24E-2772-44D5-BC8A-B7DE53E82333}.Release|Any CPU.ActiveCfg = Release|Any CPU
		{F929D24E-2772-44D5-BC8A-B7DE53E82333}.Release|Any CPU.Build.0 = Release|Any CPU
		{F929D24E-2772-44D5-BC8A-B7DE53E82333}.Release|ARM.ActiveCfg = Release|Any CPU
		{F929D24E-2772-44D5-BC8A-B7DE53E82333}.Release|ARM.Build.0 = Release|Any CPU
		{F929D24E-2772-44D5-BC8A-B7DE53E82333}.Release|x64.ActiveCfg = Release|Any CPU
		{F929D24E-2772-44D5-BC8A-B7DE53E82333}.Release|x64.Build.0 = Release|Any CPU
		{F929D24E-2772-44D5-BC8A-B7DE53E82333}.Release|x86.ActiveCfg = Release|Any CPU
		{F929D24E-2772-44D5-BC8A-B7DE53E82333}.Release|x86.Build.0 = Release|Any CPU
		{7FB3975E-FB46-4A2C-A027-DB1C75394743}.Debug|Any CPU.ActiveCfg = Debug|Any CPU
		{7FB3975E-FB46-4A2C-A027-DB1C75394743}.Debug|Any CPU.Build.0 = Debug|Any CPU
		{7FB3975E-FB46-4A2C-A027-DB1C75394743}.Debug|ARM.ActiveCfg = Debug|Any CPU
		{7FB3975E-FB46-4A2C-A027-DB1C75394743}.Debug|ARM.Build.0 = Debug|Any CPU
		{7FB3975E-FB46-4A2C-A027-DB1C75394743}.Debug|x64.ActiveCfg = Debug|Any CPU
		{7FB3975E-FB46-4A2C-A027-DB1C75394743}.Debug|x64.Build.0 = Debug|Any CPU
		{7FB3975E-FB46-4A2C-A027-DB1C75394743}.Debug|x86.ActiveCfg = Debug|Any CPU
		{7FB3975E-FB46-4A2C-A027-DB1C75394743}.Debug|x86.Build.0 = Debug|Any CPU
		{7FB3975E-FB46-4A2C-A027-DB1C75394743}.Release|Any CPU.ActiveCfg = Release|Any CPU
		{7FB3975E-FB46-4A2C-A027-DB1C75394743}.Release|Any CPU.Build.0 = Release|Any CPU
		{7FB3975E-FB46-4A2C-A027-DB1C75394743}.Release|ARM.ActiveCfg = Release|Any CPU
		{7FB3975E-FB46-4A2C-A027-DB1C75394743}.Release|ARM.Build.0 = Release|Any CPU
		{7FB3975E-FB46-4A2C-A027-DB1C75394743}.Release|x64.ActiveCfg = Release|Any CPU
		{7FB3975E-FB46-4A2C-A027-DB1C75394743}.Release|x64.Build.0 = Release|Any CPU
		{7FB3975E-FB46-4A2C-A027-DB1C75394743}.Release|x86.ActiveCfg = Release|Any CPU
		{7FB3975E-FB46-4A2C-A027-DB1C75394743}.Release|x86.Build.0 = Release|Any CPU
		{CAAA2637-9CD1-4D90-A7D1-B0003A5A70AB}.Debug|Any CPU.ActiveCfg = Debug|Any CPU
		{CAAA2637-9CD1-4D90-A7D1-B0003A5A70AB}.Debug|Any CPU.Build.0 = Debug|Any CPU
		{CAAA2637-9CD1-4D90-A7D1-B0003A5A70AB}.Debug|ARM.ActiveCfg = Debug|Any CPU
		{CAAA2637-9CD1-4D90-A7D1-B0003A5A70AB}.Debug|ARM.Build.0 = Debug|Any CPU
		{CAAA2637-9CD1-4D90-A7D1-B0003A5A70AB}.Debug|x64.ActiveCfg = Debug|Any CPU
		{CAAA2637-9CD1-4D90-A7D1-B0003A5A70AB}.Debug|x64.Build.0 = Debug|Any CPU
		{CAAA2637-9CD1-4D90-A7D1-B0003A5A70AB}.Debug|x86.ActiveCfg = Debug|Any CPU
		{CAAA2637-9CD1-4D90-A7D1-B0003A5A70AB}.Debug|x86.Build.0 = Debug|Any CPU
		{CAAA2637-9CD1-4D90-A7D1-B0003A5A70AB}.Release|Any CPU.ActiveCfg = Release|Any CPU
		{CAAA2637-9CD1-4D90-A7D1-B0003A5A70AB}.Release|Any CPU.Build.0 = Release|Any CPU
		{CAAA2637-9CD1-4D90-A7D1-B0003A5A70AB}.Release|ARM.ActiveCfg = Release|Any CPU
		{CAAA2637-9CD1-4D90-A7D1-B0003A5A70AB}.Release|ARM.Build.0 = Release|Any CPU
		{CAAA2637-9CD1-4D90-A7D1-B0003A5A70AB}.Release|x64.ActiveCfg = Release|Any CPU
		{CAAA2637-9CD1-4D90-A7D1-B0003A5A70AB}.Release|x64.Build.0 = Release|Any CPU
		{CAAA2637-9CD1-4D90-A7D1-B0003A5A70AB}.Release|x86.ActiveCfg = Release|Any CPU
		{CAAA2637-9CD1-4D90-A7D1-B0003A5A70AB}.Release|x86.Build.0 = Release|Any CPU
		{58051A15-38A2-4F36-9F15-A99E5BA7AEB6}.Debug|Any CPU.ActiveCfg = Debug|Any CPU
		{58051A15-38A2-4F36-9F15-A99E5BA7AEB6}.Debug|Any CPU.Build.0 = Debug|Any CPU
		{58051A15-38A2-4F36-9F15-A99E5BA7AEB6}.Debug|ARM.ActiveCfg = Debug|ARM
		{58051A15-38A2-4F36-9F15-A99E5BA7AEB6}.Debug|ARM.Build.0 = Debug|ARM
		{58051A15-38A2-4F36-9F15-A99E5BA7AEB6}.Debug|x64.ActiveCfg = Debug|x64
		{58051A15-38A2-4F36-9F15-A99E5BA7AEB6}.Debug|x64.Build.0 = Debug|x64
		{58051A15-38A2-4F36-9F15-A99E5BA7AEB6}.Debug|x86.ActiveCfg = Debug|x86
		{58051A15-38A2-4F36-9F15-A99E5BA7AEB6}.Debug|x86.Build.0 = Debug|x86
		{58051A15-38A2-4F36-9F15-A99E5BA7AEB6}.Release|Any CPU.ActiveCfg = Release|Any CPU
		{58051A15-38A2-4F36-9F15-A99E5BA7AEB6}.Release|Any CPU.Build.0 = Release|Any CPU
		{58051A15-38A2-4F36-9F15-A99E5BA7AEB6}.Release|ARM.ActiveCfg = Release|ARM
		{58051A15-38A2-4F36-9F15-A99E5BA7AEB6}.Release|ARM.Build.0 = Release|ARM
		{58051A15-38A2-4F36-9F15-A99E5BA7AEB6}.Release|x64.ActiveCfg = Release|x64
		{58051A15-38A2-4F36-9F15-A99E5BA7AEB6}.Release|x64.Build.0 = Release|x64
		{58051A15-38A2-4F36-9F15-A99E5BA7AEB6}.Release|x86.ActiveCfg = Release|x86
		{58051A15-38A2-4F36-9F15-A99E5BA7AEB6}.Release|x86.Build.0 = Release|x86
		{C5AEFC87-D675-4915-A524-1C356B0F670E}.Debug|Any CPU.ActiveCfg = Debug|x86
		{C5AEFC87-D675-4915-A524-1C356B0F670E}.Debug|ARM.ActiveCfg = Debug|ARM
		{C5AEFC87-D675-4915-A524-1C356B0F670E}.Debug|ARM.Build.0 = Debug|ARM
		{C5AEFC87-D675-4915-A524-1C356B0F670E}.Debug|ARM.Deploy.0 = Debug|ARM
		{C5AEFC87-D675-4915-A524-1C356B0F670E}.Debug|x64.ActiveCfg = Debug|x64
		{C5AEFC87-D675-4915-A524-1C356B0F670E}.Debug|x64.Build.0 = Debug|x64
		{C5AEFC87-D675-4915-A524-1C356B0F670E}.Debug|x64.Deploy.0 = Debug|x64
		{C5AEFC87-D675-4915-A524-1C356B0F670E}.Debug|x86.ActiveCfg = Debug|x86
		{C5AEFC87-D675-4915-A524-1C356B0F670E}.Debug|x86.Build.0 = Debug|x86
		{C5AEFC87-D675-4915-A524-1C356B0F670E}.Debug|x86.Deploy.0 = Debug|x86
		{C5AEFC87-D675-4915-A524-1C356B0F670E}.Release|Any CPU.ActiveCfg = Release|x86
		{C5AEFC87-D675-4915-A524-1C356B0F670E}.Release|ARM.ActiveCfg = Release|ARM
		{C5AEFC87-D675-4915-A524-1C356B0F670E}.Release|ARM.Build.0 = Release|ARM
		{C5AEFC87-D675-4915-A524-1C356B0F670E}.Release|ARM.Deploy.0 = Release|ARM
		{C5AEFC87-D675-4915-A524-1C356B0F670E}.Release|x64.ActiveCfg = Release|x64
		{C5AEFC87-D675-4915-A524-1C356B0F670E}.Release|x64.Build.0 = Release|x64
		{C5AEFC87-D675-4915-A524-1C356B0F670E}.Release|x64.Deploy.0 = Release|x64
		{C5AEFC87-D675-4915-A524-1C356B0F670E}.Release|x86.ActiveCfg = Release|x86
		{C5AEFC87-D675-4915-A524-1C356B0F670E}.Release|x86.Build.0 = Release|x86
		{C5AEFC87-D675-4915-A524-1C356B0F670E}.Release|x86.Deploy.0 = Release|x86
	EndGlobalSection
	GlobalSection(SolutionProperties) = preSolution
		HideSolutionNode = FALSE
	EndGlobalSection
	GlobalSection(ExtensibilityGlobals) = postSolution
		SolutionGuid = {8D95AD0E-9541-4C13-B6B1-40F4A59F7280}
	EndGlobalSection
EndGlobal
